{
  "name": "basecomponents",
  "version": "1.0.0",
  "lockfileVersion": 1,
  "requires": true,
  "dependencies": {
    "@types/lodash": {
      "version": "4.14.161",
      "resolved": "https://registry.npm.taobao.org/@types/lodash/download/@types/lodash-4.14.161.tgz?cache=0&sync_timestamp=1598664997598&other_urls=https%3A%2F%2Fregistry.npm.taobao.org%2F%40types%2Flodash%2Fdownload%2F%40types%2Flodash-4.14.161.tgz",
      "integrity": "sha1-ohygd32rxuT0Tz0H83t2X1QYixg=",
      "dev": true
    },
    "@types/lodash.debounce": {
      "version": "4.0.6",
      "resolved": "https://registry.npm.taobao.org/@types/lodash.debounce/download/@types/lodash.debounce-4.0.6.tgz",
      "integrity": "sha1-xaIybNPvxGVmxH5MCqJI3A7lfWA=",
      "dev": true,
      "requires": {
        "@types/lodash": "*"
      }
    },
    "@types/lodash.throttle": {
      "version": "4.1.6",
      "resolved": "https://registry.npm.taobao.org/@types/lodash.throttle/download/@types/lodash.throttle-4.1.6.tgz",
      "integrity": "sha1-9bosIiRO5C/2wsSeYUQBqHDBAJw=",
      "dev": true,
      "requires": {
        "@types/lodash": "*"
      }
    },
    "@types/prop-types": {
      "version": "15.7.3",
      "resolved": "https://registry.npm.taobao.org/@types/prop-types/download/@types/prop-types-15.7.3.tgz",
      "integrity": "sha1-KrDV2i5YFflLC51LldHl8kOrLKc=",
      "dev": true
    },
    "@types/react": {
      "version": "16.9.49",
      "resolved": "https://registry.npm.taobao.org/@types/react/download/@types/react-16.9.49.tgz?cache=0&sync_timestamp=1598892372094&other_urls=https%3A%2F%2Fregistry.npm.taobao.org%2F%40types%2Freact%2Fdownload%2F%40types%2Freact-16.9.49.tgz",
      "integrity": "sha1-CdsCHPgImroM2xKkn4AhppzOSHI=",
      "dev": true,
      "requires": {
        "@types/prop-types": "*",
        "csstype": "^3.0.2"
      }
    },
    "@types/react-dom": {
      "version": "16.9.8",
      "resolved": "https://registry.npm.taobao.org/@types/react-dom/download/@types/react-dom-16.9.8.tgz?cache=0&sync_timestamp=1596841046245&other_urls=https%3A%2F%2Fregistry.npm.taobao.org%2F%40types%2Freact-dom%2Fdownload%2F%40types%2Freact-dom-16.9.8.tgz",
      "integrity": "sha1-/kweEd/GcVVzPfpqplEItJcctCM=",
      "dev": true,
      "requires": {
        "@types/react": "*"
      }
    },
    "csstype": {
      "version": "3.0.3",
      "resolved": "https://registry.npm.taobao.org/csstype/download/csstype-3.0.3.tgz?cache=0&sync_timestamp=1598348227965&other_urls=https%3A%2F%2Fregistry.npm.taobao.org%2Fcsstype%2Fdownload%2Fcsstype-3.0.3.tgz",
      "integrity": "sha1-K0ELvro4upYzNTr/NLBdl1XQZfg=",
      "dev": true
    },
    "lodash.debounce": {
      "version": "4.0.8",
      "resolved": "https://registry.npm.taobao.org/lodash.debounce/download/lodash.debounce-4.0.8.tgz",
      "integrity": "sha1-gteb/zCmfEAF/9XiUVMArZyk168="
    },
    "lodash.throttle": {
      "version": "4.1.1",
      "resolved": "https://registry.npm.taobao.org/lodash.throttle/download/lodash.throttle-4.1.1.tgz",
      "integrity": "sha1-wj6RtxAkKscMN/HhzaknTMOb8vQ="
    },
    "typescript": {
      "version": "3.9.7",
      "resolved": "https://registry.npm.taobao.org/typescript/download/typescript-3.9.7.tgz",
      "integrity": "sha1-mNYApevcOPQMsndSLxLcgA6eJfo=",
      "dev": true
    }
  }
}
